// !$*UTF8*$!
{
	archiveVersion = 1;
	classes = {
	};
	objectVersion = 52;
	objects = {

/* Begin PBXBuildFile section */
		BA0528C524DD0B6400A5EA61 /* AppDelegate.swift in Sources */ = {isa = PBXBuildFile; fileRef = BA0528C424DD0B6400A5EA61 /* AppDelegate.swift */; };
		BA0528C724DD0B6400A5EA61 /* SceneDelegate.swift in Sources */ = {isa = PBXBuildFile; fileRef = BA0528C624DD0B6400A5EA61 /* SceneDelegate.swift */; };
		BA0528CC24DD0B6400A5EA61 /* Main.storyboard in Resources */ = {isa = PBXBuildFile; fileRef = BA0528CA24DD0B6400A5EA61 /* Main.storyboard */; };
		BA0528CE24DD0B6500A5EA61 /* Assets.xcassets in Resources */ = {isa = PBXBuildFile; fileRef = BA0528CD24DD0B6500A5EA61 /* Assets.xcassets */; };
		BA0528D124DD0B6500A5EA61 /* LaunchScreen.storyboard in Resources */ = {isa = PBXBuildFile; fileRef = BA0528CF24DD0B6500A5EA61 /* LaunchScreen.storyboard */; };
		BA0528D924DD0BF000A5EA61 /* MainViewController.swift in Sources */ = {isa = PBXBuildFile; fileRef = BA0528D824DD0BF000A5EA61 /* MainViewController.swift */; };
		BA0528DB24DD0EFC00A5EA61 /* LoginViewController.swift in Sources */ = {isa = PBXBuildFile; fileRef = BA0528DA24DD0EFC00A5EA61 /* LoginViewController.swift */; };
		BA0528DF24DD0FB900A5EA61 /* CareKitUI in Frameworks */ = {isa = PBXBuildFile; productRef = BA0528DE24DD0FB900A5EA61 /* CareKitUI */; };
		BA0528E124DD0FB900A5EA61 /* CareKit in Frameworks */ = {isa = PBXBuildFile; productRef = BA0528E024DD0FB900A5EA61 /* CareKit */; };
		BA0528E324DD0FB900A5EA61 /* CareKitStore in Frameworks */ = {isa = PBXBuildFile; productRef = BA0528E224DD0FB900A5EA61 /* CareKitStore */; };
		BA0528E624DD0FE100A5EA61 /* OCKDailyStore+PopulateCarePlan.swift in Sources */ = {isa = PBXBuildFile; fileRef = BA0528E524DD0FE100A5EA61 /* OCKDailyStore+PopulateCarePlan.swift */; };
		BA0528E824DD101500A5EA61 /* careStore.swift in Sources */ = {isa = PBXBuildFile; fileRef = BA0528E724DD101500A5EA61 /* careStore.swift */; };
		BA0528EA24DD10BD00A5EA61 /* SymptomTrackerViewController.swift in Sources */ = {isa = PBXBuildFile; fileRef = BA0528E924DD10BD00A5EA61 /* SymptomTrackerViewController.swift */; };
		BA0528EC24DD1B2600A5EA61 /* CareKitTabBarController.swift in Sources */ = {isa = PBXBuildFile; fileRef = BA0528EB24DD1B2500A5EA61 /* CareKitTabBarController.swift */; };
		BA0528EF24DD216600A5EA61 /* CareViewController.swift in Sources */ = {isa = PBXBuildFile; fileRef = BA0528EE24DD216600A5EA61 /* CareViewController.swift */; };
		BA0528F124DD21A300A5EA61 /* TipView.swift in Sources */ = {isa = PBXBuildFile; fileRef = BA0528F024DD21A300A5EA61 /* TipView.swift */; };
/* End PBXBuildFile section */

/* Begin PBXFileReference section */
		BA0528C124DD0B6400A5EA61 /* GeanoCareKitHackaton.app */ = {isa = PBXFileReference; explicitFileType = wrapper.application; includeInIndex = 0; path = GeanoCareKitHackaton.app; sourceTree = BUILT_PRODUCTS_DIR; };
		BA0528C424DD0B6400A5EA61 /* AppDelegate.swift */ = {isa = PBXFileReference; lastKnownFileType = sourcecode.swift; path = AppDelegate.swift; sourceTree = "<group>"; };
		BA0528C624DD0B6400A5EA61 /* SceneDelegate.swift */ = {isa = PBXFileReference; lastKnownFileType = sourcecode.swift; path = SceneDelegate.swift; sourceTree = "<group>"; };
		BA0528CB24DD0B6400A5EA61 /* Base */ = {isa = PBXFileReference; lastKnownFileType = file.storyboard; name = Base; path = Base.lproj/Main.storyboard; sourceTree = "<group>"; };
		BA0528CD24DD0B6500A5EA61 /* Assets.xcassets */ = {isa = PBXFileReference; lastKnownFileType = folder.assetcatalog; path = Assets.xcassets; sourceTree = "<group>"; };
		BA0528D024DD0B6500A5EA61 /* Base */ = {isa = PBXFileReference; lastKnownFileType = file.storyboard; name = Base; path = Base.lproj/LaunchScreen.storyboard; sourceTree = "<group>"; };
		BA0528D224DD0B6500A5EA61 /* Info.plist */ = {isa = PBXFileReference; lastKnownFileType = text.plist.xml; path = Info.plist; sourceTree = "<group>"; };
		BA0528D824DD0BF000A5EA61 /* MainViewController.swift */ = {isa = PBXFileReference; lastKnownFileType = sourcecode.swift; path = MainViewController.swift; sourceTree = "<group>"; };
		BA0528DA24DD0EFC00A5EA61 /* LoginViewController.swift */ = {isa = PBXFileReference; lastKnownFileType = sourcecode.swift; path = LoginViewController.swift; sourceTree = "<group>"; };
		BA0528E524DD0FE100A5EA61 /* OCKDailyStore+PopulateCarePlan.swift */ = {isa = PBXFileReference; lastKnownFileType = sourcecode.swift; path = "OCKDailyStore+PopulateCarePlan.swift"; sourceTree = "<group>"; };
		BA0528E724DD101500A5EA61 /* careStore.swift */ = {isa = PBXFileReference; lastKnownFileType = sourcecode.swift; path = careStore.swift; sourceTree = "<group>"; };
		BA0528E924DD10BD00A5EA61 /* SymptomTrackerViewController.swift */ = {isa = PBXFileReference; lastKnownFileType = sourcecode.swift; path = SymptomTrackerViewController.swift; sourceTree = "<group>"; };
		BA0528EB24DD1B2500A5EA61 /* CareKitTabBarController.swift */ = {isa = PBXFileReference; lastKnownFileType = sourcecode.swift; path = CareKitTabBarController.swift; sourceTree = "<group>"; };
		BA0528EE24DD216600A5EA61 /* CareViewController.swift */ = {isa = PBXFileReference; lastKnownFileType = sourcecode.swift; path = CareViewController.swift; sourceTree = "<group>"; };
		BA0528F024DD21A300A5EA61 /* TipView.swift */ = {isa = PBXFileReference; lastKnownFileType = sourcecode.swift; path = TipView.swift; sourceTree = "<group>"; };
/* End PBXFileReference section */

/* Begin PBXFrameworksBuildPhase section */
		BA0528BE24DD0B6400A5EA61 /* Frameworks */ = {
			isa = PBXFrameworksBuildPhase;
			buildActionMask = 2147483647;
			files = (
				BA0528E124DD0FB900A5EA61 /* CareKit in Frameworks */,
				BA0528DF24DD0FB900A5EA61 /* CareKitUI in Frameworks */,
				BA0528E324DD0FB900A5EA61 /* CareKitStore in Frameworks */,
			);
			runOnlyForDeploymentPostprocessing = 0;
		};
/* End PBXFrameworksBuildPhase section */

/* Begin PBXGroup section */
		BA0528B824DD0B6400A5EA61 = {
			isa = PBXGroup;
			children = (
				BA0528C324DD0B6400A5EA61 /* GeanoCareKitHackaton */,
				BA0528C224DD0B6400A5EA61 /* Products */,
			);
			sourceTree = "<group>";
		};
		BA0528C224DD0B6400A5EA61 /* Products */ = {
			isa = PBXGroup;
			children = (
				BA0528C124DD0B6400A5EA61 /* GeanoCareKitHackaton.app */,
			);
			name = Products;
			sourceTree = "<group>";
		};
		BA0528C324DD0B6400A5EA61 /* GeanoCareKitHackaton */ = {
			isa = PBXGroup;
			children = (
				BA0528E424DD0FC500A5EA61 /* extensions */,
				BA0528DC24DD0F0200A5EA61 /* controllers */,
				BA0528C424DD0B6400A5EA61 /* AppDelegate.swift */,
				BA0528C624DD0B6400A5EA61 /* SceneDelegate.swift */,
				BA0528CA24DD0B6400A5EA61 /* Main.storyboard */,
				BA0528CD24DD0B6500A5EA61 /* Assets.xcassets */,
				BA0528CF24DD0B6500A5EA61 /* LaunchScreen.storyboard */,
				BA0528D224DD0B6500A5EA61 /* Info.plist */,
				BA0528E724DD101500A5EA61 /* careStore.swift */,
				BA0528EB24DD1B2500A5EA61 /* CareKitTabBarController.swift */,
				BA0528F024DD21A300A5EA61 /* TipView.swift */,
			);
			path = GeanoCareKitHackaton;
			sourceTree = "<group>";
		};
		BA0528DC24DD0F0200A5EA61 /* controllers */ = {
			isa = PBXGroup;
			children = (
				BA0528D824DD0BF000A5EA61 /* MainViewController.swift */,
				BA0528DA24DD0EFC00A5EA61 /* LoginViewController.swift */,
				BA0528E924DD10BD00A5EA61 /* SymptomTrackerViewController.swift */,
				BA0528EE24DD216600A5EA61 /* CareViewController.swift */,
			);
			path = controllers;
			sourceTree = "<group>";
		};
		BA0528E424DD0FC500A5EA61 /* extensions */ = {
			isa = PBXGroup;
			children = (
				BA0528E524DD0FE100A5EA61 /* OCKDailyStore+PopulateCarePlan.swift */,
			);
			path = extensions;
			sourceTree = "<group>";
		};
/* End PBXGroup section */

/* Begin PBXNativeTarget section */
		BA0528C024DD0B6400A5EA61 /* GeanoCareKitHackaton */ = {
			isa = PBXNativeTarget;
			buildConfigurationList = BA0528D524DD0B6500A5EA61 /* Build configuration list for PBXNativeTarget "GeanoCareKitHackaton" */;
			buildPhases = (
				BA0528BD24DD0B6400A5EA61 /* Sources */,
				BA0528BE24DD0B6400A5EA61 /* Frameworks */,
				BA0528BF24DD0B6400A5EA61 /* Resources */,
			);
			buildRules = (
			);
			dependencies = (
			);
			name = GeanoCareKitHackaton;
			packageProductDependencies = (
				BA0528DE24DD0FB900A5EA61 /* CareKitUI */,
				BA0528E024DD0FB900A5EA61 /* CareKit */,
				BA0528E224DD0FB900A5EA61 /* CareKitStore */,
			);
			productName = GeanoCareKitHackaton;
			productReference = BA0528C124DD0B6400A5EA61 /* GeanoCareKitHackaton.app */;
			productType = "com.apple.product-type.application";
		};
/* End PBXNativeTarget section */

/* Begin PBXProject section */
		BA0528B924DD0B6400A5EA61 /* Project object */ = {
			isa = PBXProject;
			attributes = {
				LastSwiftUpdateCheck = 1130;
				LastUpgradeCheck = 1130;
				ORGANIZATIONNAME = "heriberto perez";
				TargetAttributes = {
					BA0528C024DD0B6400A5EA61 = {
						CreatedOnToolsVersion = 11.3.1;
					};
				};
			};
			buildConfigurationList = BA0528BC24DD0B6400A5EA61 /* Build configuration list for PBXProject "GeanoCareKitHackaton" */;
			compatibilityVersion = "Xcode 9.3";
			developmentRegion = en;
			hasScannedForEncodings = 0;
			knownRegions = (
				en,
				Base,
			);
			mainGroup = BA0528B824DD0B6400A5EA61;
			packageReferences = (
				BA0528DD24DD0FB900A5EA61 /* XCRemoteSwiftPackageReference "CareKit" */,
			);
			productRefGroup = BA0528C224DD0B6400A5EA61 /* Products */;
			projectDirPath = "";
			projectRoot = "";
			targets = (
				BA0528C024DD0B6400A5EA61 /* GeanoCareKitHackaton */,
			);
		};
/* End PBXProject section */

/* Begin PBXResourcesBuildPhase section */
		BA0528BF24DD0B6400A5EA61 /* Resources */ = {
			isa = PBXResourcesBuildPhase;
			buildActionMask = 2147483647;
			files = (
				BA0528D124DD0B6500A5EA61 /* LaunchScreen.storyboard in Resources */,
				BA0528CE24DD0B6500A5EA61 /* Assets.xcassets in Resources */,
				BA0528CC24DD0B6400A5EA61 /* Main.storyboard in Resources */,
			);
			runOnlyForDeploymentPostprocessing = 0;
		};
/* End PBXResourcesBuildPhase section */

/* Begin PBXSourcesBuildPhase section */
		BA0528BD24DD0B6400A5EA61 /* Sources */ = {
			isa = PBXSourcesBuildPhase;
			buildActionMask = 2147483647;
			files = (
				BA0528DB24DD0EFC00A5EA61 /* LoginViewController.swift in Sources */,
				BA0528C524DD0B6400A5EA61 /* AppDelegate.swift in Sources */,
				BA0528C724DD0B6400A5EA61 /* SceneDelegate.swift in Sources */,
				BA0528EF24DD216600A5EA61 /* CareViewController.swift in Sources */,
				BA0528F124DD21A300A5EA61 /* TipView.swift in Sources */,
				BA0528EC24DD1B2600A5EA61 /* CareKitTabBarController.swift in Sources */,
				BA0528EA24DD10BD00A5EA61 /* SymptomTrackerViewController.swift in Sources */,
				BA0528D924DD0BF000A5EA61 /* MainViewController.swift in Sources */,
				BA0528E824DD101500A5EA61 /* careStore.swift in Sources */,
				BA0528E624DD0FE100A5EA61 /* OCKDailyStore+PopulateCarePlan.swift in Sources */,
			);
			runOnlyForDeploymentPostprocessing = 0;
		};
/* End PBXSourcesBuildPhase section */

/* Begin PBXVariantGroup section */
		BA0528CA24DD0B6400A5EA61 /* Main.storyboard */ = {
			isa = PBXVariantGroup;
			children = (
				BA0528CB24DD0B6400A5EA61 /* Base */,
			);
			name = Main.storyboard;
			sourceTree = "<group>";
		};
		BA0528CF24DD0B6500A5EA61 /* LaunchScreen.storyboard */ = {
			isa = PBXVariantGroup;
			children = (
				BA0528D024DD0B6500A5EA61 /* Base */,
			);
			name = LaunchScreen.storyboard;
			sourceTree = "<group>";
		};
/* End PBXVariantGroup section */

/* Begin XCBuildConfiguration section */
		BA0528D324DD0B6500A5EA61 /* Debug */ = {
			isa = XCBuildConfiguration;
			buildSettings = {
				ALWAYS_SEARCH_USER_PATHS = NO;
				CLANG_ANALYZER_NONNULL = YES;
				CLANG_ANALYZER_NUMBER_OBJECT_CONVERSION = YES_AGGRESSIVE;
				CLANG_CXX_LANGUAGE_STANDARD = "gnu++14";
				CLANG_CXX_LIBRARY = "libc++";
				CLANG_ENABLE_MODULES = YES;
				CLANG_ENABLE_OBJC_ARC = YES;
				CLANG_ENABLE_OBJC_WEAK = YES;
				CLANG_WARN_BLOCK_CAPTURE_AUTORELEASING = YES;
				CLANG_WARN_BOOL_CONVERSION = YES;
				CLANG_WARN_COMMA = YES;
				CLANG_WARN_CONSTANT_CONVERSION = YES;
				CLANG_WARN_DEPRECATED_OBJC_IMPLEMENTATIONS = YES;
				CLANG_WARN_DIRECT_OBJC_ISA_USAGE = YES_ERROR;
				CLANG_WARN_DOCUMENTATION_COMMENTS = YES;
				CLANG_WARN_EMPTY_BODY = YES;
				CLANG_WARN_ENUM_CONVERSION = YES;
				CLANG_WARN_INFINITE_RECURSION = YES;
				CLANG_WARN_INT_CONVERSION = YES;
				CLANG_WARN_NON_LITERAL_NULL_CONVERSION = YES;
				CLANG_WARN_OBJC_IMPLICIT_RETAIN_SELF = YES;
				CLANG_WARN_OBJC_LITERAL_CONVERSION = YES;
				CLANG_WARN_OBJC_ROOT_CLASS = YES_ERROR;
				CLANG_WARN_RANGE_LOOP_ANALYSIS = YES;
				CLANG_WARN_STRICT_PROTOTYPES = YES;
				CLANG_WARN_SUSPICIOUS_MOVE = YES;
				CLANG_WARN_UNGUARDED_AVAILABILITY = YES_AGGRESSIVE;
				CLANG_WARN_UNREACHABLE_CODE = YES;
				CLANG_WARN__DUPLICATE_METHOD_MATCH = YES;
				COPY_PHASE_STRIP = NO;
				DEBUG_INFORMATION_FORMAT = dwarf;
				ENABLE_STRICT_OBJC_MSGSEND = YES;
				ENABLE_TESTABILITY = YES;
				GCC_C_LANGUAGE_STANDARD = gnu11;
				GCC_DYNAMIC_NO_PIC = NO;
				GCC_NO_COMMON_BLOCKS = YES;
				GCC_OPTIMIZATION_LEVEL = 0;
				GCC_PREPROCESSOR_DEFINITIONS = (
					"DEBUG=1",
					"$(inherited)",
				);
				GCC_WARN_64_TO_32_BIT_CONVERSION = YES;
				GCC_WARN_ABOUT_RETURN_TYPE = YES_ERROR;
				GCC_WARN_UNDECLARED_SELECTOR = YES;
				GCC_WARN_UNINITIALIZED_AUTOS = YES_AGGRESSIVE;
				GCC_WARN_UNUSED_FUNCTION = YES;
				GCC_WARN_UNUSED_VARIABLE = YES;
				IPHONEOS_DEPLOYMENT_TARGET = 13.2;
				MTL_ENABLE_DEBUG_INFO = INCLUDE_SOURCE;
				MTL_FAST_MATH = YES;
				ONLY_ACTIVE_ARCH = YES;
				SDKROOT = iphoneos;
				SWIFT_ACTIVE_COMPILATION_CONDITIONS = DEBUG;
				SWIFT_OPTIMIZATION_LEVEL = "-Onone";
			};
			name = Debug;
		};
		BA0528D424DD0B6500A5EA61 /* Release */ = {
			isa = XCBuildConfiguration;
			buildSettings = {
				ALWAYS_SEARCH_USER_PATHS = NO;
				CLANG_ANALYZER_NONNULL = YES;
				CLANG_ANALYZER_NUMBER_OBJECT_CONVERSION = YES_AGGRESSIVE;
				CLANG_CXX_LANGUAGE_STANDARD = "gnu++14";
				CLANG_CXX_LIBRARY = "libc++";
				CLANG_ENABLE_MODULES = YES;
				CLANG_ENABLE_OBJC_ARC = YES;
				CLANG_ENABLE_OBJC_WEAK = YES;
				CLANG_WARN_BLOCK_CAPTURE_AUTORELEASING = YES;
				CLANG_WARN_BOOL_CONVERSION = YES;
				CLANG_WARN_COMMA = YES;
				CLANG_WARN_CONSTANT_CONVERSION = YES;
				CLANG_WARN_DEPRECATED_OBJC_IMPLEMENTATIONS = YES;
				CLANG_WARN_DIRECT_OBJC_ISA_USAGE = YES_ERROR;
				CLANG_WARN_DOCUMENTATION_COMMENTS = YES;
				CLANG_WARN_EMPTY_BODY = YES;
				CLANG_WARN_ENUM_CONVERSION = YES;
				CLANG_WARN_INFINITE_RECURSION = YES;
				CLANG_WARN_INT_CONVERSION = YES;
				CLANG_WARN_NON_LITERAL_NULL_CONVERSION = YES;
				CLANG_WARN_OBJC_IMPLICIT_RETAIN_SELF = YES;
				CLANG_WARN_OBJC_LITERAL_CONVERSION = YES;
				CLANG_WARN_OBJC_ROOT_CLASS = YES_ERROR;
				CLANG_WARN_RANGE_LOOP_ANALYSIS = YES;
				CLANG_WARN_STRICT_PROTOTYPES = YES;
				CLANG_WARN_SUSPICIOUS_MOVE = YES;
				CLANG_WARN_UNGUARDED_AVAILABILITY = YES_AGGRESSIVE;
				CLANG_WARN_UNREACHABLE_CODE = YES;
				CLANG_WARN__DUPLICATE_METHOD_MATCH = YES;
				COPY_PHASE_STRIP = NO;
				DEBUG_INFORMATION_FORMAT = "dwarf-with-dsym";
				ENABLE_NS_ASSERTIONS = NO;
				ENABLE_STRICT_OBJC_MSGSEND = YES;
				GCC_C_LANGUAGE_STANDARD = gnu11;
				GCC_NO_COMMON_BLOCKS = YES;
				GCC_WARN_64_TO_32_BIT_CONVERSION = YES;
				GCC_WARN_ABOUT_RETURN_TYPE = YES_ERROR;
				GCC_WARN_UNDECLARED_SELECTOR = YES;
				GCC_WARN_UNINITIALIZED_AUTOS = YES_AGGRESSIVE;
				GCC_WARN_UNUSED_FUNCTION = YES;
				GCC_WARN_UNUSED_VARIABLE = YES;
				IPHONEOS_DEPLOYMENT_TARGET = 13.2;
				MTL_ENABLE_DEBUG_INFO = NO;
				MTL_FAST_MATH = YES;
				SDKROOT = iphoneos;
				SWIFT_COMPILATION_MODE = wholemodule;
				SWIFT_OPTIMIZATION_LEVEL = "-O";
				VALIDATE_PRODUCT = YES;
			};
			name = Release;
		};
		BA0528D624DD0B6500A5EA61 /* Debug */ = {
			isa = XCBuildConfiguration;
			buildSettings = {
				ASSETCATALOG_COMPILER_APPICON_NAME = AppIcon;
				CODE_SIGN_STYLE = Automatic;
				INFOPLIST_FILE = GeanoCareKitHackaton/Info.plist;
				LD_RUNPATH_SEARCH_PATHS = (
					"$(inherited)",
					"@executable_path/Frameworks",
				);
				PRODUCT_BUNDLE_IDENTIFIER = "genoa-healthcare.GeanoCareKitHackaton";
				PRODUCT_NAME = "$(TARGET_NAME)";
				SWIFT_VERSION = 5.0;
				TARGETED_DEVICE_FAMILY = "1,2";
			};
			name = Debug;
		};
		BA0528D724DD0B6500A5EA61 /* Release */ = {
			isa = XCBuildConfiguration;
			buildSettings = {
				ASSETCATALOG_COMPILER_APPICON_NAME = AppIcon;
				CODE_SIGN_STYLE = Automatic;
				INFOPLIST_FILE = GeanoCareKitHackaton/Info.plist;
				LD_RUNPATH_SEARCH_PATHS = (
					"$(inherited)",
					"@executable_path/Frameworks",
				);
				PRODUCT_BUNDLE_IDENTIFIER = "genoa-healthcare.GeanoCareKitHackaton";
				PRODUCT_NAME = "$(TARGET_NAME)";
				SWIFT_VERSION = 5.0;
				TARGETED_DEVICE_FAMILY = "1,2";
			};
			name = Release;
		};
/* End XCBuildConfiguration section */

/* Begin XCConfigurationList section */
		BA0528BC24DD0B6400A5EA61 /* Build configuration list for PBXProject "GeanoCareKitHackaton" */ = {
			isa = XCConfigurationList;
			buildConfigurations = (
				BA0528D324DD0B6500A5EA61 /* Debug */,
				BA0528D424DD0B6500A5EA61 /* Release */,
			);
			defaultConfigurationIsVisible = 0;
			defaultConfigurationName = Release;
		};
		BA0528D524DD0B6500A5EA61 /* Build configuration list for PBXNativeTarget "GeanoCareKitHackaton" */ = {
			isa = XCConfigurationList;
			buildConfigurations = (
				BA0528D624DD0B6500A5EA61 /* Debug */,
				BA0528D724DD0B6500A5EA61 /* Release */,
			);
			defaultConfigurationIsVisible = 0;
			defaultConfigurationName = Release;
		};
/* End XCConfigurationList section */

/* Begin XCRemoteSwiftPackageReference section */
		BA0528DD24DD0FB900A5EA61 /* XCRemoteSwiftPackageReference "CareKit" */ = {
			isa = XCRemoteSwiftPackageReference;
			repositoryURL = "https://github.com/carekit-apple/CareKit";
			requirement = {
				kind = exactVersion;
				version = 2.0.1;
			};
		};
/* End XCRemoteSwiftPackageReference section */

/* Begin XCSwiftPackageProductDependency section */
		BA0528DE24DD0FB900A5EA61 /* CareKitUI */ = {
			isa = XCSwiftPackageProductDependency;
			package = BA0528DD24DD0FB900A5EA61 /* XCRemoteSwiftPackageReference "CareKit" */;
			productName = CareKitUI;
		};
		BA0528E024DD0FB900A5EA61 /* CareKit */ = {
			isa = XCSwiftPackageProductDependency;
			package = BA0528DD24DD0FB900A5EA61 /* XCRemoteSwiftPackageReference "CareKit" */;
			productName = CareKit;
		};
		BA0528E224DD0FB900A5EA61 /* CareKitStore */ = {
			isa = XCSwiftPackageProductDependency;
			package = BA0528DD24DD0FB900A5EA61 /* XCRemoteSwiftPackageReference "CareKit" */;
			productName = CareKitStore;
		};
/* End XCSwiftPackageProductDependency section */
	};
	rootObject = BA0528B924DD0B6400A5EA61 /* Project object */;
}
